// !$*UTF8*$!
{
	archiveVersion = 1;
	classes = {
	};
	objectVersion = 56;
	objects = {

/* Begin PBXBuildFile section */
		DE25A83E2C3AD2F000DD9358 /* TwitterCloneApp.swift in Sources */ = {isa = PBXBuildFile; fileRef = DE25A83D2C3AD2F000DD9358 /* TwitterCloneApp.swift */; };
		DE25A8402C3AD2F100DD9358 /* ContentView.swift in Sources */ = {isa = PBXBuildFile; fileRef = DE25A83F2C3AD2F100DD9358 /* ContentView.swift */; };
		DE25A8452C3AD2F100DD9358 /* Preview Assets.xcassets in Resources */ = {isa = PBXBuildFile; fileRef = DE25A8442C3AD2F100DD9358 /* Preview Assets.xcassets */; };
		DE25A84C2C3AD87C00DD9358 /* Assets.xcassets in Resources */ = {isa = PBXBuildFile; fileRef = DE25A84B2C3AD87C00DD9358 /* Assets.xcassets */; };
		DE25A8512C42999300DD9358 /* FeedView.swift in Sources */ = {isa = PBXBuildFile; fileRef = DE25A8502C42999300DD9358 /* FeedView.swift */; };
		DE25A8532C429CEB00DD9358 /* TweetCell.swift in Sources */ = {isa = PBXBuildFile; fileRef = DE25A8522C429CEB00DD9358 /* TweetCell.swift */; };
		DE25A8552C440A0500DD9358 /* SearchView.swift in Sources */ = {isa = PBXBuildFile; fileRef = DE25A8542C440A0500DD9358 /* SearchView.swift */; };
		DE25A8572C440A9500DD9358 /* SearchBar.swift in Sources */ = {isa = PBXBuildFile; fileRef = DE25A8562C440A9500DD9358 /* SearchBar.swift */; };
		DE25A8592C440D6300DD9358 /* UserCell.swift in Sources */ = {isa = PBXBuildFile; fileRef = DE25A8582C440D6300DD9358 /* UserCell.swift */; };
		DE7AE6AD2C46B1D30022937B /* MessageInputView.swift in Sources */ = {isa = PBXBuildFile; fileRef = DE7AE6AC2C46B1D30022937B /* MessageInputView.swift */; };
		DE7AE6AF2C46B2520022937B /* ChatView.swift in Sources */ = {isa = PBXBuildFile; fileRef = DE7AE6AE2C46B2520022937B /* ChatView.swift */; };
		DE7AE6B12C46B6F10022937B /* ChatBubble.swift in Sources */ = {isa = PBXBuildFile; fileRef = DE7AE6B02C46B6F10022937B /* ChatBubble.swift */; };
		DE7AE6B32C47FD350022937B /* Message.swift in Sources */ = {isa = PBXBuildFile; fileRef = DE7AE6B22C47FD350022937B /* Message.swift */; };
		DE7AE6B52C48020A0022937B /* MessageView.swift in Sources */ = {isa = PBXBuildFile; fileRef = DE7AE6B42C48020A0022937B /* MessageView.swift */; };
		DE7AE6B72C4803A30022937B /* NewMessageView.swift in Sources */ = {isa = PBXBuildFile; fileRef = DE7AE6B62C4803A30022937B /* NewMessageView.swift */; };
		DE7AE6BA2C4808800022937B /* UserProfileView.swift in Sources */ = {isa = PBXBuildFile; fileRef = DE7AE6B92C4808800022937B /* UserProfileView.swift */; };
		DE7AE6BC2C4809620022937B /* ProfileHeaderView.swift in Sources */ = {isa = PBXBuildFile; fileRef = DE7AE6BB2C4809620022937B /* ProfileHeaderView.swift */; };
		DE7AE6BE2C4809790022937B /* ProfileActionBuktton.swift in Sources */ = {isa = PBXBuildFile; fileRef = DE7AE6BD2C4809790022937B /* ProfileActionBuktton.swift */; };
		DE7AE6C02C4809970022937B /* FilterButtonView.swift in Sources */ = {isa = PBXBuildFile; fileRef = DE7AE6BF2C4809970022937B /* FilterButtonView.swift */; };
		DEB94FA52C455E7A006B99FB /* ConversationsView.swift in Sources */ = {isa = PBXBuildFile; fileRef = DEB94FA42C455E7A006B99FB /* ConversationsView.swift */; };
		DEB94FA72C455E83006B99FB /* ConversationCell.swift in Sources */ = {isa = PBXBuildFile; fileRef = DEB94FA62C455E83006B99FB /* ConversationCell.swift */; };
/* End PBXBuildFile section */

/* Begin PBXFileReference section */
		DE25A83A2C3AD2F000DD9358 /* TwitterClone.app */ = {isa = PBXFileReference; explicitFileType = wrapper.application; includeInIndex = 0; path = TwitterClone.app; sourceTree = BUILT_PRODUCTS_DIR; };
		DE25A83D2C3AD2F000DD9358 /* TwitterCloneApp.swift */ = {isa = PBXFileReference; lastKnownFileType = sourcecode.swift; path = TwitterCloneApp.swift; sourceTree = "<group>"; };
		DE25A83F2C3AD2F100DD9358 /* ContentView.swift */ = {isa = PBXFileReference; lastKnownFileType = sourcecode.swift; path = ContentView.swift; sourceTree = "<group>"; };
		DE25A8442C3AD2F100DD9358 /* Preview Assets.xcassets */ = {isa = PBXFileReference; lastKnownFileType = folder.assetcatalog; path = "Preview Assets.xcassets"; sourceTree = "<group>"; };
		DE25A84B2C3AD87C00DD9358 /* Assets.xcassets */ = {isa = PBXFileReference; lastKnownFileType = folder.assetcatalog; path = Assets.xcassets; sourceTree = "<group>"; };
		DE25A8502C42999300DD9358 /* FeedView.swift */ = {isa = PBXFileReference; lastKnownFileType = sourcecode.swift; path = FeedView.swift; sourceTree = "<group>"; };
		DE25A8522C429CEB00DD9358 /* TweetCell.swift */ = {isa = PBXFileReference; lastKnownFileType = sourcecode.swift; path = TweetCell.swift; sourceTree = "<group>"; };
		DE25A8542C440A0500DD9358 /* SearchView.swift */ = {isa = PBXFileReference; lastKnownFileType = sourcecode.swift; path = SearchView.swift; sourceTree = "<group>"; };
		DE25A8562C440A9500DD9358 /* SearchBar.swift */ = {isa = PBXFileReference; lastKnownFileType = sourcecode.swift; path = SearchBar.swift; sourceTree = "<group>"; };
		DE25A8582C440D6300DD9358 /* UserCell.swift */ = {isa = PBXFileReference; lastKnownFileType = sourcecode.swift; path = UserCell.swift; sourceTree = "<group>"; };
		DE7AE6AC2C46B1D30022937B /* MessageInputView.swift */ = {isa = PBXFileReference; lastKnownFileType = sourcecode.swift; path = MessageInputView.swift; sourceTree = "<group>"; };
		DE7AE6AE2C46B2520022937B /* ChatView.swift */ = {isa = PBXFileReference; lastKnownFileType = sourcecode.swift; path = ChatView.swift; sourceTree = "<group>"; };
		DE7AE6B02C46B6F10022937B /* ChatBubble.swift */ = {isa = PBXFileReference; lastKnownFileType = sourcecode.swift; path = ChatBubble.swift; sourceTree = "<group>"; };
		DE7AE6B22C47FD350022937B /* Message.swift */ = {isa = PBXFileReference; lastKnownFileType = sourcecode.swift; path = Message.swift; sourceTree = "<group>"; };
		DE7AE6B42C48020A0022937B /* MessageView.swift */ = {isa = PBXFileReference; lastKnownFileType = sourcecode.swift; path = MessageView.swift; sourceTree = "<group>"; };
		DE7AE6B62C4803A30022937B /* NewMessageView.swift */ = {isa = PBXFileReference; lastKnownFileType = sourcecode.swift; path = NewMessageView.swift; sourceTree = "<group>"; };
		DE7AE6B92C4808800022937B /* UserProfileView.swift */ = {isa = PBXFileReference; lastKnownFileType = sourcecode.swift; path = UserProfileView.swift; sourceTree = "<group>"; };
		DE7AE6BB2C4809620022937B /* ProfileHeaderView.swift */ = {isa = PBXFileReference; lastKnownFileType = sourcecode.swift; path = ProfileHeaderView.swift; sourceTree = "<group>"; };
		DE7AE6BD2C4809790022937B /* ProfileActionBuktton.swift */ = {isa = PBXFileReference; lastKnownFileType = sourcecode.swift; path = ProfileActionBuktton.swift; sourceTree = "<group>"; };
		DE7AE6BF2C4809970022937B /* FilterButtonView.swift */ = {isa = PBXFileReference; lastKnownFileType = sourcecode.swift; path = FilterButtonView.swift; sourceTree = "<group>"; };
		DEB94FA42C455E7A006B99FB /* ConversationsView.swift */ = {isa = PBXFileReference; lastKnownFileType = sourcecode.swift; path = ConversationsView.swift; sourceTree = "<group>"; };
		DEB94FA62C455E83006B99FB /* ConversationCell.swift */ = {isa = PBXFileReference; lastKnownFileType = sourcecode.swift; path = ConversationCell.swift; sourceTree = "<group>"; };
/* End PBXFileReference section */

/* Begin PBXFrameworksBuildPhase section */
		DE25A8372C3AD2F000DD9358 /* Frameworks */ = {
			isa = PBXFrameworksBuildPhase;
			buildActionMask = 2147483647;
			files = (
			);
			runOnlyForDeploymentPostprocessing = 0;
		};
/* End PBXFrameworksBuildPhase section */

/* Begin PBXGroup section */
		DE25A8312C3AD2F000DD9358 = {
			isa = PBXGroup;
			children = (
				DE25A83C2C3AD2F000DD9358 /* TwitterClone */,
				DE25A83B2C3AD2F000DD9358 /* Products */,
			);
			sourceTree = "<group>";
		};
		DE25A83B2C3AD2F000DD9358 /* Products */ = {
			isa = PBXGroup;
			children = (
				DE25A83A2C3AD2F000DD9358 /* TwitterClone.app */,
			);
			name = Products;
			sourceTree = "<group>";
		};
		DE25A83C2C3AD2F000DD9358 /* TwitterClone */ = {
			isa = PBXGroup;
			children = (
				DE25A84D2C42995400DD9358 /*  Model */,
				DE25A84E2C42996600DD9358 /* View */,
				DE25A84F2C42996D00DD9358 /* ViewModel */,
				DE25A83D2C3AD2F000DD9358 /* TwitterCloneApp.swift */,
				DE25A84B2C3AD87C00DD9358 /* Assets.xcassets */,
				DE25A8432C3AD2F100DD9358 /* Preview Content */,
			);
			path = TwitterClone;
			sourceTree = "<group>";
		};
		DE25A8432C3AD2F100DD9358 /* Preview Content */ = {
			isa = PBXGroup;
			children = (
				DE25A8442C3AD2F100DD9358 /* Preview Assets.xcassets */,
			);
			path = "Preview Content";
			sourceTree = "<group>";
		};
		DE25A84D2C42995400DD9358 /*  Model */ = {
			isa = PBXGroup;
			children = (
				DE7AE6B22C47FD350022937B /* Message.swift */,
			);
			path = " Model";
			sourceTree = "<group>";
		};
		DE25A84E2C42996600DD9358 /* View */ = {
			isa = PBXGroup;
			children = (
				DE7AE6B82C4808750022937B /* Profile */,
				DEB94FA32C455E5E006B99FB /* Messages */,
				DE25A83F2C3AD2F100DD9358 /* ContentView.swift */,
				DE25A8502C42999300DD9358 /* FeedView.swift */,
				DE25A8522C429CEB00DD9358 /* TweetCell.swift */,
				DE25A8542C440A0500DD9358 /* SearchView.swift */,
				DE25A8562C440A9500DD9358 /* SearchBar.swift */,
				DE25A8582C440D6300DD9358 /* UserCell.swift */,
			);
			path = View;
			sourceTree = "<group>";
		};
		DE25A84F2C42996D00DD9358 /* ViewModel */ = {
			isa = PBXGroup;
			children = (
			);
			path = ViewModel;
			sourceTree = "<group>";
		};
		DE7AE6B82C4808750022937B /* Profile */ = {
			isa = PBXGroup;
			children = (
				DE7AE6B92C4808800022937B /* UserProfileView.swift */,
				DE7AE6BB2C4809620022937B /* ProfileHeaderView.swift */,
				DE7AE6BD2C4809790022937B /* ProfileActionBuktton.swift */,
				DE7AE6BF2C4809970022937B /* FilterButtonView.swift */,
			);
			path = Profile;
			sourceTree = "<group>";
		};
		DEB94FA32C455E5E006B99FB /* Messages */ = {
			isa = PBXGroup;
			children = (
				DEB94FA42C455E7A006B99FB /* ConversationsView.swift */,
				DEB94FA62C455E83006B99FB /* ConversationCell.swift */,
				DE7AE6AC2C46B1D30022937B /* MessageInputView.swift */,
				DE7AE6AE2C46B2520022937B /* ChatView.swift */,
				DE7AE6B02C46B6F10022937B /* ChatBubble.swift */,
				DE7AE6B42C48020A0022937B /* MessageView.swift */,
				DE7AE6B62C4803A30022937B /* NewMessageView.swift */,
			);
			path = Messages;
			sourceTree = "<group>";
		};
/* End PBXGroup section */

/* Begin PBXNativeTarget section */
		DE25A8392C3AD2F000DD9358 /* TwitterClone */ = {
			isa = PBXNativeTarget;
			buildConfigurationList = DE25A8482C3AD2F100DD9358 /* Build configuration list for PBXNativeTarget "TwitterClone" */;
			buildPhases = (
				DE25A8362C3AD2F000DD9358 /* Sources */,
				DE25A8372C3AD2F000DD9358 /* Frameworks */,
				DE25A8382C3AD2F000DD9358 /* Resources */,
			);
			buildRules = (
			);
			dependencies = (
			);
			name = TwitterClone;
			productName = TwitterClone;
			productReference = DE25A83A2C3AD2F000DD9358 /* TwitterClone.app */;
			productType = "com.apple.product-type.application";
		};
/* End PBXNativeTarget section */

/* Begin PBXProject section */
		DE25A8322C3AD2F000DD9358 /* Project object */ = {
			isa = PBXProject;
			attributes = {
				BuildIndependentTargetsInParallel = 1;
				LastSwiftUpdateCheck = 1540;
				LastUpgradeCheck = 1540;
				TargetAttributes = {
					DE25A8392C3AD2F000DD9358 = {
						CreatedOnToolsVersion = 15.4;
					};
				};
			};
			buildConfigurationList = DE25A8352C3AD2F000DD9358 /* Build configuration list for PBXProject "TwitterClone" */;
			compatibilityVersion = "Xcode 14.0";
			developmentRegion = en;
			hasScannedForEncodings = 0;
			knownRegions = (
				en,
				Base,
			);
			mainGroup = DE25A8312C3AD2F000DD9358;
			productRefGroup = DE25A83B2C3AD2F000DD9358 /* Products */;
			projectDirPath = "";
			projectRoot = "";
			targets = (
				DE25A8392C3AD2F000DD9358 /* TwitterClone */,
			);
		};
/* End PBXProject section */

/* Begin PBXResourcesBuildPhase section */
		DE25A8382C3AD2F000DD9358 /* Resources */ = {
			isa = PBXResourcesBuildPhase;
			buildActionMask = 2147483647;
			files = (
				DE25A84C2C3AD87C00DD9358 /* Assets.xcassets in Resources */,
				DE25A8452C3AD2F100DD9358 /* Preview Assets.xcassets in Resources */,
			);
			runOnlyForDeploymentPostprocessing = 0;
		};
/* End PBXResourcesBuildPhase section */

/* Begin PBXSourcesBuildPhase section */
		DE25A8362C3AD2F000DD9358 /* Sources */ = {
			isa = PBXSourcesBuildPhase;
			buildActionMask = 2147483647;
			files = (
				DE25A8552C440A0500DD9358 /* SearchView.swift in Sources */,
				DE7AE6AD2C46B1D30022937B /* MessageInputView.swift in Sources */,
				DE25A8402C3AD2F100DD9358 /* ContentView.swift in Sources */,
				DE25A8512C42999300DD9358 /* FeedView.swift in Sources */,
				DE7AE6BC2C4809620022937B /* ProfileHeaderView.swift in Sources */,
				DE7AE6AF2C46B2520022937B /* ChatView.swift in Sources */,
				DEB94FA52C455E7A006B99FB /* ConversationsView.swift in Sources */,
				DE7AE6C02C4809970022937B /* FilterButtonView.swift in Sources */,
				DE25A83E2C3AD2F000DD9358 /* TwitterCloneApp.swift in Sources */,
				DE7AE6B12C46B6F10022937B /* ChatBubble.swift in Sources */,
				DEB94FA72C455E83006B99FB /* ConversationCell.swift in Sources */,
				DE7AE6B72C4803A30022937B /* NewMessageView.swift in Sources */,
				DE7AE6B32C47FD350022937B /* Message.swift in Sources */,
				DE7AE6BA2C4808800022937B /* UserProfileView.swift in Sources */,
				DE25A8532C429CEB00DD9358 /* TweetCell.swift in Sources */,
				DE25A8572C440A9500DD9358 /* SearchBar.swift in Sources */,
				DE7AE6BE2C4809790022937B /* ProfileActionBuktton.swift in Sources */,
				DE7AE6B52C48020A0022937B /* MessageView.swift in Sources */,
				DE25A8592C440D6300DD9358 /* UserCell.swift in Sources */,
			);
			runOnlyForDeploymentPostprocessing = 0;
		};
/* End PBXSourcesBuildPhase section */

/* Begin XCBuildConfiguration section */
		DE25A8462C3AD2F100DD9358 /* Debug */ = {
			isa = XCBuildConfiguration;
			buildSettings = {
				ALWAYS_SEARCH_USER_PATHS = NO;
				ASSETCATALOG_COMPILER_GENERATE_SWIFT_ASSET_SYMBOL_EXTENSIONS = YES;
				CLANG_ANALYZER_NONNULL = YES;
				CLANG_ANALYZER_NUMBER_OBJECT_CONVERSION = YES_AGGRESSIVE;
				CLANG_CXX_LANGUAGE_STANDARD = "gnu++20";
				CLANG_ENABLE_MODULES = YES;
				CLANG_ENABLE_OBJC_ARC = YES;
				CLANG_ENABLE_OBJC_WEAK = YES;
				CLANG_WARN_BLOCK_CAPTURE_AUTORELEASING = YES;
				CLANG_WARN_BOOL_CONVERSION = YES;
				CLANG_WARN_COMMA = YES;
				CLANG_WARN_CONSTANT_CONVERSION = YES;
				CLANG_WARN_DEPRECATED_OBJC_IMPLEMENTATIONS = YES;
				CLANG_WARN_DIRECT_OBJC_ISA_USAGE = YES_ERROR;
				CLANG_WARN_DOCUMENTATION_COMMENTS = YES;
				CLANG_WARN_EMPTY_BODY = YES;
				CLANG_WARN_ENUM_CONVERSION = YES;
				CLANG_WARN_INFINITE_RECURSION = YES;
				CLANG_WARN_INT_CONVERSION = YES;
				CLANG_WARN_NON_LITERAL_NULL_CONVERSION = YES;
				CLANG_WARN_OBJC_IMPLICIT_RETAIN_SELF = YES;
				CLANG_WARN_OBJC_LITERAL_CONVERSION = YES;
				CLANG_WARN_OBJC_ROOT_CLASS = YES_ERROR;
				CLANG_WARN_QUOTED_INCLUDE_IN_FRAMEWORK_HEADER = YES;
				CLANG_WARN_RANGE_LOOP_ANALYSIS = YES;
				CLANG_WARN_STRICT_PROTOTYPES = YES;
				CLANG_WARN_SUSPICIOUS_MOVE = YES;
				CLANG_WARN_UNGUARDED_AVAILABILITY = YES_AGGRESSIVE;
				CLANG_WARN_UNREACHABLE_CODE = YES;
				CLANG_WARN__DUPLICATE_METHOD_MATCH = YES;
				COPY_PHASE_STRIP = NO;
				DEBUG_INFORMATION_FORMAT = dwarf;
				ENABLE_STRICT_OBJC_MSGSEND = YES;
				ENABLE_TESTABILITY = YES;
				ENABLE_USER_SCRIPT_SANDBOXING = YES;
				GCC_C_LANGUAGE_STANDARD = gnu17;
				GCC_DYNAMIC_NO_PIC = NO;
				GCC_NO_COMMON_BLOCKS = YES;
				GCC_OPTIMIZATION_LEVEL = 0;
				GCC_PREPROCESSOR_DEFINITIONS = (
					"DEBUG=1",
					"$(inherited)",
				);
				GCC_WARN_64_TO_32_BIT_CONVERSION = YES;
				GCC_WARN_ABOUT_RETURN_TYPE = YES_ERROR;
				GCC_WARN_UNDECLARED_SELECTOR = YES;
				GCC_WARN_UNINITIALIZED_AUTOS = YES_AGGRESSIVE;
				GCC_WARN_UNUSED_FUNCTION = YES;
				GCC_WARN_UNUSED_VARIABLE = YES;
				IPHONEOS_DEPLOYMENT_TARGET = 15.0;
				LOCALIZATION_PREFERS_STRING_CATALOGS = YES;
				MTL_ENABLE_DEBUG_INFO = INCLUDE_SOURCE;
				MTL_FAST_MATH = YES;
				ONLY_ACTIVE_ARCH = YES;
				SDKROOT = iphoneos;
				SWIFT_ACTIVE_COMPILATION_CONDITIONS = "DEBUG $(inherited)";
				SWIFT_OPTIMIZATION_LEVEL = "-Onone";
			};
			name = Debug;
		};
		DE25A8472C3AD2F100DD9358 /* Release */ = {
			isa = XCBuildConfiguration;
			buildSettings = {
				ALWAYS_SEARCH_USER_PATHS = NO;
				ASSETCATALOG_COMPILER_GENERATE_SWIFT_ASSET_SYMBOL_EXTENSIONS = YES;
				CLANG_ANALYZER_NONNULL = YES;
				CLANG_ANALYZER_NUMBER_OBJECT_CONVERSION = YES_AGGRESSIVE;
				CLANG_CXX_LANGUAGE_STANDARD = "gnu++20";
				CLANG_ENABLE_MODULES = YES;
				CLANG_ENABLE_OBJC_ARC = YES;
				CLANG_ENABLE_OBJC_WEAK = YES;
				CLANG_WARN_BLOCK_CAPTURE_AUTORELEASING = YES;
				CLANG_WARN_BOOL_CONVERSION = YES;
				CLANG_WARN_COMMA = YES;
				CLANG_WARN_CONSTANT_CONVERSION = YES;
				CLANG_WARN_DEPRECATED_OBJC_IMPLEMENTATIONS = YES;
				CLANG_WARN_DIRECT_OBJC_ISA_USAGE = YES_ERROR;
				CLANG_WARN_DOCUMENTATION_COMMENTS = YES;
				CLANG_WARN_EMPTY_BODY = YES;
				CLANG_WARN_ENUM_CONVERSION = YES;
				CLANG_WARN_INFINITE_RECURSION = YES;
				CLANG_WARN_INT_CONVERSION = YES;
				CLANG_WARN_NON_LITERAL_NULL_CONVERSION = YES;
				CLANG_WARN_OBJC_IMPLICIT_RETAIN_SELF = YES;
				CLANG_WARN_OBJC_LITERAL_CONVERSION = YES;
				CLANG_WARN_OBJC_ROOT_CLASS = YES_ERROR;
				CLANG_WARN_QUOTED_INCLUDE_IN_FRAMEWORK_HEADER = YES;
				CLANG_WARN_RANGE_LOOP_ANALYSIS = YES;
				CLANG_WARN_STRICT_PROTOTYPES = YES;
				CLANG_WARN_SUSPICIOUS_MOVE = YES;
				CLANG_WARN_UNGUARDED_AVAILABILITY = YES_AGGRESSIVE;
				CLANG_WARN_UNREACHABLE_CODE = YES;
				CLANG_WARN__DUPLICATE_METHOD_MATCH = YES;
				COPY_PHASE_STRIP = NO;
				DEBUG_INFORMATION_FORMAT = "dwarf-with-dsym";
				ENABLE_NS_ASSERTIONS = NO;
				ENABLE_STRICT_OBJC_MSGSEND = YES;
				ENABLE_USER_SCRIPT_SANDBOXING = YES;
				GCC_C_LANGUAGE_STANDARD = gnu17;
				GCC_NO_COMMON_BLOCKS = YES;
				GCC_WARN_64_TO_32_BIT_CONVERSION = YES;
				GCC_WARN_ABOUT_RETURN_TYPE = YES_ERROR;
				GCC_WARN_UNDECLARED_SELECTOR = YES;
				GCC_WARN_UNINITIALIZED_AUTOS = YES_AGGRESSIVE;
				GCC_WARN_UNUSED_FUNCTION = YES;
				GCC_WARN_UNUSED_VARIABLE = YES;
				IPHONEOS_DEPLOYMENT_TARGET = 15.0;
				LOCALIZATION_PREFERS_STRING_CATALOGS = YES;
				MTL_ENABLE_DEBUG_INFO = NO;
				MTL_FAST_MATH = YES;
				SDKROOT = iphoneos;
				SWIFT_COMPILATION_MODE = wholemodule;
				VALIDATE_PRODUCT = YES;
			};
			name = Release;
		};
		DE25A8492C3AD2F100DD9358 /* Debug */ = {
			isa = XCBuildConfiguration;
			buildSettings = {
				ASSETCATALOG_COMPILER_APPICON_NAME = AppIcon;
				ASSETCATALOG_COMPILER_GLOBAL_ACCENT_COLOR_NAME = AccentColor;
				CODE_SIGN_STYLE = Automatic;
				CURRENT_PROJECT_VERSION = 1;
				DEVELOPMENT_ASSET_PATHS = "\"TwitterClone/Preview Content\"";
				DEVELOPMENT_TEAM = BFTA9SX898;
				ENABLE_PREVIEWS = YES;
				GENERATE_INFOPLIST_FILE = YES;
				INFOPLIST_KEY_UIApplicationSceneManifest_Generation = YES;
				INFOPLIST_KEY_UIApplicationSupportsIndirectInputEvents = YES;
				INFOPLIST_KEY_UILaunchScreen_Generation = YES;
				INFOPLIST_KEY_UISupportedInterfaceOrientations_iPad = "UIInterfaceOrientationPortrait UIInterfaceOrientationPortraitUpsideDown UIInterfaceOrientationLandscapeLeft UIInterfaceOrientationLandscapeRight";
				INFOPLIST_KEY_UISupportedInterfaceOrientations_iPhone = "UIInterfaceOrientationPortrait UIInterfaceOrientationLandscapeLeft UIInterfaceOrientationLandscapeRight";
				IPHONEOS_DEPLOYMENT_TARGET = 15.0;
				LD_RUNPATH_SEARCH_PATHS = (
					"$(inherited)",
					"@executable_path/Frameworks",
				);
				MARKETING_VERSION = 1.0;
				PRODUCT_BUNDLE_IDENTIFIER = com.sangjun.TwitterClone;
				PRODUCT_NAME = "$(TARGET_NAME)";
				SWIFT_EMIT_LOC_STRINGS = YES;
				SWIFT_VERSION = 5.0;
				TARGETED_DEVICE_FAMILY = "1,2";
			};
			name = Debug;
		};
		DE25A84A2C3AD2F100DD9358 /* Release */ = {
			isa = XCBuildConfiguration;
			buildSettings = {
				ASSETCATALOG_COMPILER_APPICON_NAME = AppIcon;
				ASSETCATALOG_COMPILER_GLOBAL_ACCENT_COLOR_NAME = AccentColor;
				CODE_SIGN_STYLE = Automatic;
				CURRENT_PROJECT_VERSION = 1;
				DEVELOPMENT_ASSET_PATHS = "\"TwitterClone/Preview Content\"";
				DEVELOPMENT_TEAM = BFTA9SX898;
				ENABLE_PREVIEWS = YES;
				GENERATE_INFOPLIST_FILE = YES;
				INFOPLIST_KEY_UIApplicationSceneManifest_Generation = YES;
				INFOPLIST_KEY_UIApplicationSupportsIndirectInputEvents = YES;
				INFOPLIST_KEY_UILaunchScreen_Generation = YES;
				INFOPLIST_KEY_UISupportedInterfaceOrientations_iPad = "UIInterfaceOrientationPortrait UIInterfaceOrientationPortraitUpsideDown UIInterfaceOrientationLandscapeLeft UIInterfaceOrientationLandscapeRight";
				INFOPLIST_KEY_UISupportedInterfaceOrientations_iPhone = "UIInterfaceOrientationPortrait UIInterfaceOrientationLandscapeLeft UIInterfaceOrientationLandscapeRight";
				IPHONEOS_DEPLOYMENT_TARGET = 15.0;
				LD_RUNPATH_SEARCH_PATHS = (
					"$(inherited)",
					"@executable_path/Frameworks",
				);
				MARKETING_VERSION = 1.0;
				PRODUCT_BUNDLE_IDENTIFIER = com.sangjun.TwitterClone;
				PRODUCT_NAME = "$(TARGET_NAME)";
				SWIFT_EMIT_LOC_STRINGS = YES;
				SWIFT_VERSION = 5.0;
				TARGETED_DEVICE_FAMILY = "1,2";
			};
			name = Release;
		};
/* End XCBuildConfiguration section */

/* Begin XCConfigurationList section */
		DE25A8352C3AD2F000DD9358 /* Build configuration list for PBXProject "TwitterClone" */ = {
			isa = XCConfigurationList;
			buildConfigurations = (
				DE25A8462C3AD2F100DD9358 /* Debug */,
				DE25A8472C3AD2F100DD9358 /* Release */,
			);
			defaultConfigurationIsVisible = 0;
			defaultConfigurationName = Release;
		};
		DE25A8482C3AD2F100DD9358 /* Build configuration list for PBXNativeTarget "TwitterClone" */ = {
			isa = XCConfigurationList;
			buildConfigurations = (
				DE25A8492C3AD2F100DD9358 /* Debug */,
				DE25A84A2C3AD2F100DD9358 /* Release */,
			);
			defaultConfigurationIsVisible = 0;
			defaultConfigurationName = Release;
		};
/* End XCConfigurationList section */
	};
	rootObject = DE25A8322C3AD2F000DD9358 /* Project object */;
}
